
Microsoft Visual Studio Solution File, Format Version 12.00
# Visual Studio Version 17
VisualStudioVersion = 17.11.35312.102
MinimumVisualStudioVersion = 10.0.40219.1
Project("{FAE04EC0-301F-11D3-BF4B-00C04F79EFBC}") = "Labb 4 - Enhetstestning", "Labb 4 - Enhetstestning\Labb 4 - Enhetstestning.csproj", "{DFDAD3A0-6FAC-4081-86F4-B35AA915B282}"
EndProject
Project("{FAE04EC0-301F-11D3-BF4B-00C04F79EFBC}") = "Labb 4 - Enhetstestning.Tests", "Labb 4 - Enhetstestning.Tests\Labb 4 - Enhetstestning.Tests.csproj", "{D9A0661A-BAFE-4A53-BB33-5DEE58E9DB1A}"
EndProject
Project("{2150E333-8FDC-42A3-9474-1A3956D46DE8}") = "Solution Items", "Solution Items", "{49408162-B1B9-47DA-BAC6-862841E085F7}"
	ProjectSection(SolutionItems) = preProject
		Errors.txt = Errors.txt
	EndProjectSection
EndProject
Global
	GlobalSection(SolutionConfigurationPlatforms) = preSolution
		Debug|Any CPU = Debug|Any CPU
		Release|Any CPU = Release|Any CPU
	EndGlobalSection
	GlobalSection(ProjectConfigurationPlatforms) = postSolution
		{DFDAD3A0-6FAC-4081-86F4-B35AA915B282}.Debug|Any CPU.ActiveCfg = Debug|Any CPU
		{DFDAD3A0-6FAC-4081-86F4-B35AA915B282}.Debug|Any CPU.Build.0 = Debug|Any CPU
		{DFDAD3A0-6FAC-4081-86F4-B35AA915B282}.Release|Any CPU.ActiveCfg = Release|Any CPU
		{DFDAD3A0-6FAC-4081-86F4-B35AA915B282}.Release|Any CPU.Build.0 = Release|Any CPU
		{D9A0661A-BAFE-4A53-BB33-5DEE58E9DB1A}.Debug|Any CPU.ActiveCfg = Debug|Any CPU
		{D9A0661A-BAFE-4A53-BB33-5DEE58E9DB1A}.Debug|Any CPU.Build.0 = Debug|Any CPU
		{D9A0661A-BAFE-4A53-BB33-5DEE58E9DB1A}.Release|Any CPU.ActiveCfg = Release|Any CPU
		{D9A0661A-BAFE-4A53-BB33-5DEE58E9DB1A}.Release|Any CPU.Build.0 = Release|Any CPU
	EndGlobalSection
	GlobalSection(SolutionProperties) = preSolution
		HideSolutionNode = FALSE
	EndGlobalSection
	GlobalSection(ExtensibilityGlobals) = postSolution
		SolutionGuid = {06AF74A9-F237-4DFB-9FDF-6FEDAD84AF62}
	EndGlobalSection
EndGlobal
